
Microsoft Visual Studio Solution File, Format Version 12.00
# Visual Studio Version 17
VisualStudioVersion = 17.4.33205.214
MinimumVisualStudioVersion = 10.0.40219.1
Project("{FAE04EC0-301F-11D3-BF4B-00C04F79EFBC}") = "E4mini Admin tool", "E4mini Admin tool\E4mini Admin tool.csproj", "{A58FC2E4-4B42-498F-B18D-2780F3A61F48}"
EndProject
Global
	GlobalSection(SolutionConfigurationPlatforms) = preSolution
		Debug|Any CPU = Debug|Any CPU
		Release|Any CPU = Release|Any CPU
	EndGlobalSection
	GlobalSection(ProjectConfigurationPlatforms) = postSolution
		{A58FC2E4-4B42-498F-B18D-2780F3A61F48}.Debug|Any CPU.ActiveCfg = Debug|Any CPU
		{A58FC2E4-4B42-498F-B18D-2780F3A61F48}.Debug|Any CPU.Build.0 = Debug|Any CPU
		{A58FC2E4-4B42-498F-B18D-2780F3A61F48}.Release|Any CPU.ActiveCfg = Release|Any CPU
		{A58FC2E4-4B42-498F-B18D-2780F3A61F48}.Release|Any CPU.Build.0 = Release|Any CPU
	EndGlobalSection
	GlobalSection(SolutionProperties) = preSolution
		HideSolutionNode = FALSE
	EndGlobalSection
	GlobalSection(ExtensibilityGlobals) = postSolution
		SolutionGuid = {AA2A3F82-1B78-419C-8EE4-CF3E577096C3}
	EndGlobalSection
EndGlobal
